github.com/go-cmd/cmd v1.4.3 h1:6y3G+3UqPerXvPcXvj+5QNPHT02BUw7p6PsqRxLNA7Y=
github.com/go-cmd/cmd v1.4.3/go.mod h1:u3hxg/ry+D5kwh8WvUkHLAMe2zQCaXd00t35WfQaOFk=
github.com/go-test/deep v1.1.0 h1:WOcxcdHcvdgThNXjw0t76K42FXTU7HpNQWHpA2HHNlg=
github.com/go-test/deep v1.1.0/go.mod h1:5C2ZWiW0ErCdrYzpqxLbTX7MG14M9iiw8DgHncVwcsE=
github.com/goccy/go-yaml v1.19.0 h1:EmkZ9RIsX+Uq4DYFowegAuJo8+xdX3T/2dwNPXbxEYE=
github.com/goccy/go-yaml v1.19.0/go.mod h1:XBurs7gK8ATbW4ZPGKgcbrY1Br56PdM69F7LkFRi1kA=
